// !$*UTF8*$!
{
	archiveVersion = 1;
	classes = {
	};
	objectVersion = 50;
	objects = {

/* Begin PBXBuildFile section */
		3E4676A4262A0C3500D66B08 /* TableViewController.swift in Sources */ = {isa = PBXBuildFile; fileRef = 3E4676A3262A0C3500D66B08 /* TableViewController.swift */; };
		3E6AE5E0262771E500BC6142 /* AppDelegate.swift in Sources */ = {isa = PBXBuildFile; fileRef = 3E6AE5DF262771E500BC6142 /* AppDelegate.swift */; };
		3E6AE5E2262771E500BC6142 /* SceneDelegate.swift in Sources */ = {isa = PBXBuildFile; fileRef = 3E6AE5E1262771E500BC6142 /* SceneDelegate.swift */; };
		3E6AE5E4262771E500BC6142 /* ViewController.swift in Sources */ = {isa = PBXBuildFile; fileRef = 3E6AE5E3262771E500BC6142 /* ViewController.swift */; };
		3E6AE5E7262771E600BC6142 /* Main.storyboard in Resources */ = {isa = PBXBuildFile; fileRef = 3E6AE5E5262771E600BC6142 /* Main.storyboard */; };
		3E6AE5E9262771EC00BC6142 /* Assets.xcassets in Resources */ = {isa = PBXBuildFile; fileRef = 3E6AE5E8262771EC00BC6142 /* Assets.xcassets */; };
		3E6AE5EC262771EC00BC6142 /* LaunchScreen.storyboard in Resources */ = {isa = PBXBuildFile; fileRef = 3E6AE5EA262771EC00BC6142 /* LaunchScreen.storyboard */; };
		3E6AE5F82627748500BC6142 /* NetworkManager.swift in Sources */ = {isa = PBXBuildFile; fileRef = 3E6AE5F72627748500BC6142 /* NetworkManager.swift */; };
		3E6AE5FC262774E700BC6142 /* StocksData.swift in Sources */ = {isa = PBXBuildFile; fileRef = 3E6AE5FB262774E700BC6142 /* StocksData.swift */; };
		3E6AE5FF262775D400BC6142 /* Stocks.swift in Sources */ = {isa = PBXBuildFile; fileRef = 3E6AE5FE262775D400BC6142 /* Stocks.swift */; };
/* End PBXBuildFile section */

/* Begin PBXFileReference section */
		3E4676A3262A0C3500D66B08 /* TableViewController.swift */ = {isa = PBXFileReference; lastKnownFileType = sourcecode.swift; path = TableViewController.swift; sourceTree = "<group>"; };
		3E6AE5DC262771E500BC6142 /* StocksDemo.app */ = {isa = PBXFileReference; explicitFileType = wrapper.application; includeInIndex = 0; path = StocksDemo.app; sourceTree = BUILT_PRODUCTS_DIR; };
		3E6AE5DF262771E500BC6142 /* AppDelegate.swift */ = {isa = PBXFileReference; lastKnownFileType = sourcecode.swift; path = AppDelegate.swift; sourceTree = "<group>"; };
		3E6AE5E1262771E500BC6142 /* SceneDelegate.swift */ = {isa = PBXFileReference; lastKnownFileType = sourcecode.swift; path = SceneDelegate.swift; sourceTree = "<group>"; };
		3E6AE5E3262771E500BC6142 /* ViewController.swift */ = {isa = PBXFileReference; lastKnownFileType = sourcecode.swift; path = ViewController.swift; sourceTree = "<group>"; };
		3E6AE5E6262771E600BC6142 /* Base */ = {isa = PBXFileReference; lastKnownFileType = file.storyboard; name = Base; path = Base.lproj/Main.storyboard; sourceTree = "<group>"; };
		3E6AE5E8262771EC00BC6142 /* Assets.xcassets */ = {isa = PBXFileReference; lastKnownFileType = folder.assetcatalog; path = Assets.xcassets; sourceTree = "<group>"; };
		3E6AE5EB262771EC00BC6142 /* Base */ = {isa = PBXFileReference; lastKnownFileType = file.storyboard; name = Base; path = Base.lproj/LaunchScreen.storyboard; sourceTree = "<group>"; };
		3E6AE5ED262771EC00BC6142 /* Info.plist */ = {isa = PBXFileReference; lastKnownFileType = text.plist.xml; path = Info.plist; sourceTree = "<group>"; };
		3E6AE5F72627748500BC6142 /* NetworkManager.swift */ = {isa = PBXFileReference; lastKnownFileType = sourcecode.swift; path = NetworkManager.swift; sourceTree = "<group>"; };
		3E6AE5FB262774E700BC6142 /* StocksData.swift */ = {isa = PBXFileReference; lastKnownFileType = sourcecode.swift; path = StocksData.swift; sourceTree = "<group>"; };
		3E6AE5FE262775D400BC6142 /* Stocks.swift */ = {isa = PBXFileReference; lastKnownFileType = sourcecode.swift; path = Stocks.swift; sourceTree = "<group>"; };
/* End PBXFileReference section */

/* Begin PBXFrameworksBuildPhase section */
		3E6AE5D9262771E500BC6142 /* Frameworks */ = {
			isa = PBXFrameworksBuildPhase;
			buildActionMask = 2147483647;
			files = (
			);
			runOnlyForDeploymentPostprocessing = 0;
		};
/* End PBXFrameworksBuildPhase section */

/* Begin PBXGroup section */
		3E4676A2262A0C1100D66B08 /* TableView */ = {
			isa = PBXGroup;
			children = (
				3E4676A3262A0C3500D66B08 /* TableViewController.swift */,
			);
			path = TableView;
			sourceTree = "<group>";
		};
		3E6AE5D3262771E500BC6142 = {
			isa = PBXGroup;
			children = (
				3E6AE5DE262771E500BC6142 /* StocksDemo */,
				3E6AE5DD262771E500BC6142 /* Products */,
			);
			sourceTree = "<group>";
		};
		3E6AE5DD262771E500BC6142 /* Products */ = {
			isa = PBXGroup;
			children = (
				3E6AE5DC262771E500BC6142 /* StocksDemo.app */,
			);
			name = Products;
			sourceTree = "<group>";
		};
		3E6AE5DE262771E500BC6142 /* StocksDemo */ = {
			isa = PBXGroup;
			children = (
				3E6AE5E3262771E500BC6142 /* ViewController.swift */,
				3E4676A2262A0C1100D66B08 /* TableView */,
				3E6AE5F62627746900BC6142 /* Model */,
				3E6AE5F52627744400BC6142 /* Supporting file */,
				3E6AE5F42627743000BC6142 /* Views */,
				3E6AE5E8262771EC00BC6142 /* Assets.xcassets */,
				3E6AE5ED262771EC00BC6142 /* Info.plist */,
			);
			path = StocksDemo;
			sourceTree = "<group>";
		};
		3E6AE5F42627743000BC6142 /* Views */ = {
			isa = PBXGroup;
			children = (
				3E6AE5E5262771E600BC6142 /* Main.storyboard */,
				3E6AE5EA262771EC00BC6142 /* LaunchScreen.storyboard */,
			);
			path = Views;
			sourceTree = "<group>";
		};
		3E6AE5F52627744400BC6142 /* Supporting file */ = {
			isa = PBXGroup;
			children = (
				3E6AE5DF262771E500BC6142 /* AppDelegate.swift */,
				3E6AE5E1262771E500BC6142 /* SceneDelegate.swift */,
			);
			path = "Supporting file";
			sourceTree = "<group>";
		};
		3E6AE5F62627746900BC6142 /* Model */ = {
			isa = PBXGroup;
			children = (
				3E6AE5F72627748500BC6142 /* NetworkManager.swift */,
				3E6AE5FB262774E700BC6142 /* StocksData.swift */,
				3E6AE5FE262775D400BC6142 /* Stocks.swift */,
			);
			path = Model;
			sourceTree = "<group>";
		};
/* End PBXGroup section */

/* Begin PBXNativeTarget section */
		3E6AE5DB262771E500BC6142 /* StocksDemo */ = {
			isa = PBXNativeTarget;
			buildConfigurationList = 3E6AE5F0262771EC00BC6142 /* Build configuration list for PBXNativeTarget "StocksDemo" */;
			buildPhases = (
				3E6AE5D8262771E500BC6142 /* Sources */,
				3E6AE5D9262771E500BC6142 /* Frameworks */,
				3E6AE5DA262771E500BC6142 /* Resources */,
			);
			buildRules = (
			);
			dependencies = (
			);
			name = StocksDemo;
			productName = StocksDemo;
			productReference = 3E6AE5DC262771E500BC6142 /* StocksDemo.app */;
			productType = "com.apple.product-type.application";
		};
/* End PBXNativeTarget section */

/* Begin PBXProject section */
		3E6AE5D4262771E500BC6142 /* Project object */ = {
			isa = PBXProject;
			attributes = {
				LastSwiftUpdateCheck = 1240;
				LastUpgradeCheck = 1240;
				TargetAttributes = {
					3E6AE5DB262771E500BC6142 = {
						CreatedOnToolsVersion = 12.4;
					};
				};
			};
			buildConfigurationList = 3E6AE5D7262771E500BC6142 /* Build configuration list for PBXProject "StocksDemo" */;
			compatibilityVersion = "Xcode 9.3";
			developmentRegion = en;
			hasScannedForEncodings = 0;
			knownRegions = (
				en,
				Base,
			);
			mainGroup = 3E6AE5D3262771E500BC6142;
			productRefGroup = 3E6AE5DD262771E500BC6142 /* Products */;
			projectDirPath = "";
			projectRoot = "";
			targets = (
				3E6AE5DB262771E500BC6142 /* StocksDemo */,
			);
		};
/* End PBXProject section */

/* Begin PBXResourcesBuildPhase section */
		3E6AE5DA262771E500BC6142 /* Resources */ = {
			isa = PBXResourcesBuildPhase;
			buildActionMask = 2147483647;
			files = (
				3E6AE5EC262771EC00BC6142 /* LaunchScreen.storyboard in Resources */,
				3E6AE5E9262771EC00BC6142 /* Assets.xcassets in Resources */,
				3E6AE5E7262771E600BC6142 /* Main.storyboard in Resources */,
			);
			runOnlyForDeploymentPostprocessing = 0;
		};
/* End PBXResourcesBuildPhase section */

/* Begin PBXSourcesBuildPhase section */
		3E6AE5D8262771E500BC6142 /* Sources */ = {
			isa = PBXSourcesBuildPhase;
			buildActionMask = 2147483647;
			files = (
				3E6AE5F82627748500BC6142 /* NetworkManager.swift in Sources */,
				3E4676A4262A0C3500D66B08 /* TableViewController.swift in Sources */,
				3E6AE5E4262771E500BC6142 /* ViewController.swift in Sources */,
				3E6AE5FC262774E700BC6142 /* StocksData.swift in Sources */,
				3E6AE5E0262771E500BC6142 /* AppDelegate.swift in Sources */,
				3E6AE5FF262775D400BC6142 /* Stocks.swift in Sources */,
				3E6AE5E2262771E500BC6142 /* SceneDelegate.swift in Sources */,
			);
			runOnlyForDeploymentPostprocessing = 0;
		};
/* End PBXSourcesBuildPhase section */

/* Begin PBXVariantGroup section */
		3E6AE5E5262771E600BC6142 /* Main.storyboard */ = {
			isa = PBXVariantGroup;
			children = (
				3E6AE5E6262771E600BC6142 /* Base */,
			);
			name = Main.storyboard;
			sourceTree = "<group>";
		};
		3E6AE5EA262771EC00BC6142 /* LaunchScreen.storyboard */ = {
			isa = PBXVariantGroup;
			children = (
				3E6AE5EB262771EC00BC6142 /* Base */,
			);
			name = LaunchScreen.storyboard;
			sourceTree = "<group>";
		};
/* End PBXVariantGroup section */

/* Begin XCBuildConfiguration section */
		3E6AE5EE262771EC00BC6142 /* Debug */ = {
			isa = XCBuildConfiguration;
			buildSettings = {
				ALWAYS_SEARCH_USER_PATHS = NO;
				CLANG_ANALYZER_NONNULL = YES;
				CLANG_ANALYZER_NUMBER_OBJECT_CONVERSION = YES_AGGRESSIVE;
				CLANG_CXX_LANGUAGE_STANDARD = "gnu++14";
				CLANG_CXX_LIBRARY = "libc++";
				CLANG_ENABLE_MODULES = YES;
				CLANG_ENABLE_OBJC_ARC = YES;
				CLANG_ENABLE_OBJC_WEAK = YES;
				CLANG_WARN_BLOCK_CAPTURE_AUTORELEASING = YES;
				CLANG_WARN_BOOL_CONVERSION = YES;
				CLANG_WARN_COMMA = YES;
				CLANG_WARN_CONSTANT_CONVERSION = YES;
				CLANG_WARN_DEPRECATED_OBJC_IMPLEMENTATIONS = YES;
				CLANG_WARN_DIRECT_OBJC_ISA_USAGE = YES_ERROR;
				CLANG_WARN_DOCUMENTATION_COMMENTS = YES;
				CLANG_WARN_EMPTY_BODY = YES;
				CLANG_WARN_ENUM_CONVERSION = YES;
				CLANG_WARN_INFINITE_RECURSION = YES;
				CLANG_WARN_INT_CONVERSION = YES;
				CLANG_WARN_NON_LITERAL_NULL_CONVERSION = YES;
				CLANG_WARN_OBJC_IMPLICIT_RETAIN_SELF = YES;
				CLANG_WARN_OBJC_LITERAL_CONVERSION = YES;
				CLANG_WARN_OBJC_ROOT_CLASS = YES_ERROR;
				CLANG_WARN_QUOTED_INCLUDE_IN_FRAMEWORK_HEADER = YES;
				CLANG_WARN_RANGE_LOOP_ANALYSIS = YES;
				CLANG_WARN_STRICT_PROTOTYPES = YES;
				CLANG_WARN_SUSPICIOUS_MOVE = YES;
				CLANG_WARN_UNGUARDED_AVAILABILITY = YES_AGGRESSIVE;
				CLANG_WARN_UNREACHABLE_CODE = YES;
				CLANG_WARN__DUPLICATE_METHOD_MATCH = YES;
				COPY_PHASE_STRIP = NO;
				DEBUG_INFORMATION_FORMAT = dwarf;
				ENABLE_STRICT_OBJC_MSGSEND = YES;
				ENABLE_TESTABILITY = YES;
				GCC_C_LANGUAGE_STANDARD = gnu11;
				GCC_DYNAMIC_NO_PIC = NO;
				GCC_NO_COMMON_BLOCKS = YES;
				GCC_OPTIMIZATION_LEVEL = 0;
				GCC_PREPROCESSOR_DEFINITIONS = (
					"DEBUG=1",
					"$(inherited)",
				);
				GCC_WARN_64_TO_32_BIT_CONVERSION = YES;
				GCC_WARN_ABOUT_RETURN_TYPE = YES_ERROR;
				GCC_WARN_UNDECLARED_SELECTOR = YES;
				GCC_WARN_UNINITIALIZED_AUTOS = YES_AGGRESSIVE;
				GCC_WARN_UNUSED_FUNCTION = YES;
				GCC_WARN_UNUSED_VARIABLE = YES;
				IPHONEOS_DEPLOYMENT_TARGET = 14.4;
				MTL_ENABLE_DEBUG_INFO = INCLUDE_SOURCE;
				MTL_FAST_MATH = YES;
				ONLY_ACTIVE_ARCH = YES;
				SDKROOT = iphoneos;
				SWIFT_ACTIVE_COMPILATION_CONDITIONS = DEBUG;
				SWIFT_OPTIMIZATION_LEVEL = "-Onone";
			};
			name = Debug;
		};
		3E6AE5EF262771EC00BC6142 /* Release */ = {
			isa = XCBuildConfiguration;
			buildSettings = {
				ALWAYS_SEARCH_USER_PATHS = NO;
				CLANG_ANALYZER_NONNULL = YES;
				CLANG_ANALYZER_NUMBER_OBJECT_CONVERSION = YES_AGGRESSIVE;
				CLANG_CXX_LANGUAGE_STANDARD = "gnu++14";
				CLANG_CXX_LIBRARY = "libc++";
				CLANG_ENABLE_MODULES = YES;
				CLANG_ENABLE_OBJC_ARC = YES;
				CLANG_ENABLE_OBJC_WEAK = YES;
				CLANG_WARN_BLOCK_CAPTURE_AUTORELEASING = YES;
				CLANG_WARN_BOOL_CONVERSION = YES;
				CLANG_WARN_COMMA = YES;
				CLANG_WARN_CONSTANT_CONVERSION = YES;
				CLANG_WARN_DEPRECATED_OBJC_IMPLEMENTATIONS = YES;
				CLANG_WARN_DIRECT_OBJC_ISA_USAGE = YES_ERROR;
				CLANG_WARN_DOCUMENTATION_COMMENTS = YES;
				CLANG_WARN_EMPTY_BODY = YES;
				CLANG_WARN_ENUM_CONVERSION = YES;
				CLANG_WARN_INFINITE_RECURSION = YES;
				CLANG_WARN_INT_CONVERSION = YES;
				CLANG_WARN_NON_LITERAL_NULL_CONVERSION = YES;
				CLANG_WARN_OBJC_IMPLICIT_RETAIN_SELF = YES;
				CLANG_WARN_OBJC_LITERAL_CONVERSION = YES;
				CLANG_WARN_OBJC_ROOT_CLASS = YES_ERROR;
				CLANG_WARN_QUOTED_INCLUDE_IN_FRAMEWORK_HEADER = YES;
				CLANG_WARN_RANGE_LOOP_ANALYSIS = YES;
				CLANG_WARN_STRICT_PROTOTYPES = YES;
				CLANG_WARN_SUSPICIOUS_MOVE = YES;
				CLANG_WARN_UNGUARDED_AVAILABILITY = YES_AGGRESSIVE;
				CLANG_WARN_UNREACHABLE_CODE = YES;
				CLANG_WARN__DUPLICATE_METHOD_MATCH = YES;
				COPY_PHASE_STRIP = NO;
				DEBUG_INFORMATION_FORMAT = "dwarf-with-dsym";
				ENABLE_NS_ASSERTIONS = NO;
				ENABLE_STRICT_OBJC_MSGSEND = YES;
				GCC_C_LANGUAGE_STANDARD = gnu11;
				GCC_NO_COMMON_BLOCKS = YES;
				GCC_WARN_64_TO_32_BIT_CONVERSION = YES;
				GCC_WARN_ABOUT_RETURN_TYPE = YES_ERROR;
				GCC_WARN_UNDECLARED_SELECTOR = YES;
				GCC_WARN_UNINITIALIZED_AUTOS = YES_AGGRESSIVE;
				GCC_WARN_UNUSED_FUNCTION = YES;
				GCC_WARN_UNUSED_VARIABLE = YES;
				IPHONEOS_DEPLOYMENT_TARGET = 14.4;
				MTL_ENABLE_DEBUG_INFO = NO;
				MTL_FAST_MATH = YES;
				SDKROOT = iphoneos;
				SWIFT_COMPILATION_MODE = wholemodule;
				SWIFT_OPTIMIZATION_LEVEL = "-O";
				VALIDATE_PRODUCT = YES;
			};
			name = Release;
		};
		3E6AE5F1262771EC00BC6142 /* Debug */ = {
			isa = XCBuildConfiguration;
			buildSettings = {
				ASSETCATALOG_COMPILER_APPICON_NAME = AppIcon;
				ASSETCATALOG_COMPILER_GLOBAL_ACCENT_COLOR_NAME = AccentColor;
				CODE_SIGN_STYLE = Automatic;
				DEVELOPMENT_TEAM = X6RLZ99668;
				INFOPLIST_FILE = StocksDemo/Info.plist;
				LD_RUNPATH_SEARCH_PATHS = (
					"$(inherited)",
					"@executable_path/Frameworks",
				);
				PRODUCT_BUNDLE_IDENTIFIER = "Andrew-Cheberyako.StocksDemo";
				PRODUCT_NAME = "$(TARGET_NAME)";
				SWIFT_VERSION = 5.0;
				TARGETED_DEVICE_FAMILY = "1,2";
			};
			name = Debug;
		};
		3E6AE5F2262771EC00BC6142 /* Release */ = {
			isa = XCBuildConfiguration;
			buildSettings = {
				ASSETCATALOG_COMPILER_APPICON_NAME = AppIcon;
				ASSETCATALOG_COMPILER_GLOBAL_ACCENT_COLOR_NAME = AccentColor;
				CODE_SIGN_STYLE = Automatic;
				DEVELOPMENT_TEAM = X6RLZ99668;
				INFOPLIST_FILE = StocksDemo/Info.plist;
				LD_RUNPATH_SEARCH_PATHS = (
					"$(inherited)",
					"@executable_path/Frameworks",
				);
				PRODUCT_BUNDLE_IDENTIFIER = "Andrew-Cheberyako.StocksDemo";
				PRODUCT_NAME = "$(TARGET_NAME)";
				SWIFT_VERSION = 5.0;
				TARGETED_DEVICE_FAMILY = "1,2";
			};
			name = Release;
		};
/* End XCBuildConfiguration section */

/* Begin XCConfigurationList section */
		3E6AE5D7262771E500BC6142 /* Build configuration list for PBXProject "StocksDemo" */ = {
			isa = XCConfigurationList;
			buildConfigurations = (
				3E6AE5EE262771EC00BC6142 /* Debug */,
				3E6AE5EF262771EC00BC6142 /* Release */,
			);
			defaultConfigurationIsVisible = 0;
			defaultConfigurationName = Release;
		};
		3E6AE5F0262771EC00BC6142 /* Build configuration list for PBXNativeTarget "StocksDemo" */ = {
			isa = XCConfigurationList;
			buildConfigurations = (
				3E6AE5F1262771EC00BC6142 /* Debug */,
				3E6AE5F2262771EC00BC6142 /* Release */,
			);
			defaultConfigurationIsVisible = 0;
			defaultConfigurationName = Release;
		};
/* End XCConfigurationList section */
	};
	rootObject = 3E6AE5D4262771E500BC6142 /* Project object */;
}
